
Microsoft Visual Studio Solution File, Format Version 12.00
# Visual Studio Version 17
VisualStudioVersion = 17.8.34525.116
MinimumVisualStudioVersion = 10.0.40219.1
Project("{FAE04EC0-301F-11D3-BF4B-00C04F79EFBC}") = "AutomationEmail.Console", "AutomationEmail.Console\AutomationEmail.Console.csproj", "{C390DDCC-8B96-4F34-A09C-6527CC4A8181}"
EndProject
Project("{FAE04EC0-301F-11D3-BF4B-00C04F79EFBC}") = "AutomationEmail.Providers", "AutomationEmail.Providers\AutomationEmail.Providers.csproj", "{345987B6-170C-4779-87AB-393916E11B36}"
EndProject
Global
	GlobalSection(SolutionConfigurationPlatforms) = preSolution
		Debug|Any CPU = Debug|Any CPU
		Release|Any CPU = Release|Any CPU
	EndGlobalSection
	GlobalSection(ProjectConfigurationPlatforms) = postSolution
		{C390DDCC-8B96-4F34-A09C-6527CC4A8181}.Debug|Any CPU.ActiveCfg = Debug|Any CPU
		{C390DDCC-8B96-4F34-A09C-6527CC4A8181}.Debug|Any CPU.Build.0 = Debug|Any CPU
		{C390DDCC-8B96-4F34-A09C-6527CC4A8181}.Release|Any CPU.ActiveCfg = Release|Any CPU
		{C390DDCC-8B96-4F34-A09C-6527CC4A8181}.Release|Any CPU.Build.0 = Release|Any CPU
		{345987B6-170C-4779-87AB-393916E11B36}.Debug|Any CPU.ActiveCfg = Debug|Any CPU
		{345987B6-170C-4779-87AB-393916E11B36}.Debug|Any CPU.Build.0 = Debug|Any CPU
		{345987B6-170C-4779-87AB-393916E11B36}.Release|Any CPU.ActiveCfg = Release|Any CPU
		{345987B6-170C-4779-87AB-393916E11B36}.Release|Any CPU.Build.0 = Release|Any CPU
	EndGlobalSection
	GlobalSection(SolutionProperties) = preSolution
		HideSolutionNode = FALSE
	EndGlobalSection
	GlobalSection(ExtensibilityGlobals) = postSolution
		SolutionGuid = {3F19566D-2CAD-4AB3-BED1-B219A38BD668}
	EndGlobalSection
EndGlobal
